
Microsoft Visual Studio Solution File, Format Version 12.00
# Visual Studio 15
VisualStudioVersion = 15.0.28307.136
MinimumVisualStudioVersion = 10.0.40219.1
Project("{FAE04EC0-301F-11D3-BF4B-00C04F79EFBC}") = "lab6", "lab6\lab6.csproj", "{989DE15B-6E2B-427C-85D1-2F76D04CB37A}"
EndProject
Global
	GlobalSection(SolutionConfigurationPlatforms) = preSolution
		Debug|Any CPU = Debug|Any CPU
		Debug|x64 = Debug|x64
		Debug|x86 = Debug|x86
		Release|Any CPU = Release|Any CPU
		Release|x64 = Release|x64
		Release|x86 = Release|x86
	EndGlobalSection
	GlobalSection(ProjectConfigurationPlatforms) = postSolution
		{989DE15B-6E2B-427C-85D1-2F76D04CB37A}.Debug|Any CPU.ActiveCfg = Debug|Any CPU
		{989DE15B-6E2B-427C-85D1-2F76D04CB37A}.Debug|Any CPU.Build.0 = Debug|Any CPU
		{989DE15B-6E2B-427C-85D1-2F76D04CB37A}.Debug|x64.ActiveCfg = Debug|Any CPU
		{989DE15B-6E2B-427C-85D1-2F76D04CB37A}.Debug|x64.Build.0 = Debug|Any CPU
		{989DE15B-6E2B-427C-85D1-2F76D04CB37A}.Debug|x86.ActiveCfg = Debug|Any CPU
		{989DE15B-6E2B-427C-85D1-2F76D04CB37A}.Debug|x86.Build.0 = Debug|Any CPU
		{989DE15B-6E2B-427C-85D1-2F76D04CB37A}.Release|Any CPU.ActiveCfg = Release|Any CPU
		{989DE15B-6E2B-427C-85D1-2F76D04CB37A}.Release|Any CPU.Build.0 = Release|Any CPU
		{989DE15B-6E2B-427C-85D1-2F76D04CB37A}.Release|x64.ActiveCfg = Release|Any CPU
		{989DE15B-6E2B-427C-85D1-2F76D04CB37A}.Release|x64.Build.0 = Release|Any CPU
		{989DE15B-6E2B-427C-85D1-2F76D04CB37A}.Release|x86.ActiveCfg = Release|Any CPU
		{989DE15B-6E2B-427C-85D1-2F76D04CB37A}.Release|x86.Build.0 = Release|Any CPU
	EndGlobalSection
	GlobalSection(SolutionProperties) = preSolution
		HideSolutionNode = FALSE
	EndGlobalSection
	GlobalSection(ExtensibilityGlobals) = postSolution
		SolutionGuid = {9A2B0345-A992-4459-8688-1984BD338FAE}
	EndGlobalSection
EndGlobal
